
Microsoft Visual Studio Solution File, Format Version 12.00
# Visual Studio Version 17
VisualStudioVersion = 17.12.35527.113
MinimumVisualStudioVersion = 10.0.40219.1
Project("{FAE04EC0-301F-11D3-BF4B-00C04F79EFBC}") = "ParOImpar", "ParOImpar\ParOImpar.csproj", "{4E11B5CD-FFBA-4DA2-A177-BE8FEEE71496}"
EndProject
Project("{FAE04EC0-301F-11D3-BF4B-00C04F79EFBC}") = "AprovadoReprovado", "AprovadoReprovado\AprovadoReprovado.csproj", "{1E69AF6C-FB79-4ACB-80A3-89F67FDA1AF9}"
EndProject
Project("{FAE04EC0-301F-11D3-BF4B-00C04F79EFBC}") = "Media", "Media\Media.csproj", "{FD92A09E-677E-4EA5-A31C-56432C38C397}"
EndProject
Project("{FAE04EC0-301F-11D3-BF4B-00C04F79EFBC}") = "Tabuada", "Tabuada\Tabuada.csproj", "{C0B79C63-D0BF-4480-98DA-D981B641DC52}"
EndProject
Project("{FAE04EC0-301F-11D3-BF4B-00C04F79EFBC}") = "Idade", "Idade\Idade.csproj", "{11220D21-E7CC-47DE-A058-53645CC6A076}"
EndProject
Project("{FAE04EC0-301F-11D3-BF4B-00C04F79EFBC}") = "Cartas", "Cartas\Cartas.csproj", "{2D23B2DF-BD88-4C64-AB34-CBB2A10F1ACE}"
EndProject
Project("{FAE04EC0-301F-11D3-BF4B-00C04F79EFBC}") = "BasqueteRobos", "BasqueteRobos\BasqueteRobos.csproj", "{3BDA25C2-98DC-4BF2-BD95-5AA1DA31BA85}"
EndProject
Project("{FAE04EC0-301F-11D3-BF4B-00C04F79EFBC}") = "Operacao", "Operacao\Operacao.csproj", "{7CE9D381-2EB9-441A-B67F-4680E11D235D}"
EndProject
Project("{FAE04EC0-301F-11D3-BF4B-00C04F79EFBC}") = "Medalhas", "Medalhas\Medalhas.csproj", "{EBFBF291-14E1-49D6-99C5-6EF41D42FBEF}"
EndProject
Project("{FAE04EC0-301F-11D3-BF4B-00C04F79EFBC}") = "PositivoNegativonulo", "PositivoNegativonulo\PositivoNegativonulo.csproj", "{03E4B69F-F30B-48A5-A28D-14F3358DF77B}"
EndProject
Global
	GlobalSection(SolutionConfigurationPlatforms) = preSolution
		Debug|Any CPU = Debug|Any CPU
		Release|Any CPU = Release|Any CPU
	EndGlobalSection
	GlobalSection(ProjectConfigurationPlatforms) = postSolution
		{4E11B5CD-FFBA-4DA2-A177-BE8FEEE71496}.Debug|Any CPU.ActiveCfg = Debug|Any CPU
		{4E11B5CD-FFBA-4DA2-A177-BE8FEEE71496}.Debug|Any CPU.Build.0 = Debug|Any CPU
		{4E11B5CD-FFBA-4DA2-A177-BE8FEEE71496}.Release|Any CPU.ActiveCfg = Release|Any CPU
		{4E11B5CD-FFBA-4DA2-A177-BE8FEEE71496}.Release|Any CPU.Build.0 = Release|Any CPU
		{1E69AF6C-FB79-4ACB-80A3-89F67FDA1AF9}.Debug|Any CPU.ActiveCfg = Debug|Any CPU
		{1E69AF6C-FB79-4ACB-80A3-89F67FDA1AF9}.Debug|Any CPU.Build.0 = Debug|Any CPU
		{1E69AF6C-FB79-4ACB-80A3-89F67FDA1AF9}.Release|Any CPU.ActiveCfg = Release|Any CPU
		{1E69AF6C-FB79-4ACB-80A3-89F67FDA1AF9}.Release|Any CPU.Build.0 = Release|Any CPU
		{FD92A09E-677E-4EA5-A31C-56432C38C397}.Debug|Any CPU.ActiveCfg = Debug|Any CPU
		{FD92A09E-677E-4EA5-A31C-56432C38C397}.Debug|Any CPU.Build.0 = Debug|Any CPU
		{FD92A09E-677E-4EA5-A31C-56432C38C397}.Release|Any CPU.ActiveCfg = Release|Any CPU
		{FD92A09E-677E-4EA5-A31C-56432C38C397}.Release|Any CPU.Build.0 = Release|Any CPU
		{C0B79C63-D0BF-4480-98DA-D981B641DC52}.Debug|Any CPU.ActiveCfg = Debug|Any CPU
		{C0B79C63-D0BF-4480-98DA-D981B641DC52}.Debug|Any CPU.Build.0 = Debug|Any CPU
		{C0B79C63-D0BF-4480-98DA-D981B641DC52}.Release|Any CPU.ActiveCfg = Release|Any CPU
		{C0B79C63-D0BF-4480-98DA-D981B641DC52}.Release|Any CPU.Build.0 = Release|Any CPU
		{11220D21-E7CC-47DE-A058-53645CC6A076}.Debug|Any CPU.ActiveCfg = Debug|Any CPU
		{11220D21-E7CC-47DE-A058-53645CC6A076}.Debug|Any CPU.Build.0 = Debug|Any CPU
		{11220D21-E7CC-47DE-A058-53645CC6A076}.Release|Any CPU.ActiveCfg = Release|Any CPU
		{11220D21-E7CC-47DE-A058-53645CC6A076}.Release|Any CPU.Build.0 = Release|Any CPU
		{2D23B2DF-BD88-4C64-AB34-CBB2A10F1ACE}.Debug|Any CPU.ActiveCfg = Debug|Any CPU
		{2D23B2DF-BD88-4C64-AB34-CBB2A10F1ACE}.Debug|Any CPU.Build.0 = Debug|Any CPU
		{2D23B2DF-BD88-4C64-AB34-CBB2A10F1ACE}.Release|Any CPU.ActiveCfg = Release|Any CPU
		{2D23B2DF-BD88-4C64-AB34-CBB2A10F1ACE}.Release|Any CPU.Build.0 = Release|Any CPU
		{3BDA25C2-98DC-4BF2-BD95-5AA1DA31BA85}.Debug|Any CPU.ActiveCfg = Debug|Any CPU
		{3BDA25C2-98DC-4BF2-BD95-5AA1DA31BA85}.Debug|Any CPU.Build.0 = Debug|Any CPU
		{3BDA25C2-98DC-4BF2-BD95-5AA1DA31BA85}.Release|Any CPU.ActiveCfg = Release|Any CPU
		{3BDA25C2-98DC-4BF2-BD95-5AA1DA31BA85}.Release|Any CPU.Build.0 = Release|Any CPU
		{7CE9D381-2EB9-441A-B67F-4680E11D235D}.Debug|Any CPU.ActiveCfg = Debug|Any CPU
		{7CE9D381-2EB9-441A-B67F-4680E11D235D}.Debug|Any CPU.Build.0 = Debug|Any CPU
		{7CE9D381-2EB9-441A-B67F-4680E11D235D}.Release|Any CPU.ActiveCfg = Release|Any CPU
		{7CE9D381-2EB9-441A-B67F-4680E11D235D}.Release|Any CPU.Build.0 = Release|Any CPU
		{EBFBF291-14E1-49D6-99C5-6EF41D42FBEF}.Debug|Any CPU.ActiveCfg = Debug|Any CPU
		{EBFBF291-14E1-49D6-99C5-6EF41D42FBEF}.Debug|Any CPU.Build.0 = Debug|Any CPU
		{EBFBF291-14E1-49D6-99C5-6EF41D42FBEF}.Release|Any CPU.ActiveCfg = Release|Any CPU
		{EBFBF291-14E1-49D6-99C5-6EF41D42FBEF}.Release|Any CPU.Build.0 = Release|Any CPU
		{03E4B69F-F30B-48A5-A28D-14F3358DF77B}.Debug|Any CPU.ActiveCfg = Debug|Any CPU
		{03E4B69F-F30B-48A5-A28D-14F3358DF77B}.Debug|Any CPU.Build.0 = Debug|Any CPU
		{03E4B69F-F30B-48A5-A28D-14F3358DF77B}.Release|Any CPU.ActiveCfg = Release|Any CPU
		{03E4B69F-F30B-48A5-A28D-14F3358DF77B}.Release|Any CPU.Build.0 = Release|Any CPU
	EndGlobalSection
	GlobalSection(SolutionProperties) = preSolution
		HideSolutionNode = FALSE
	EndGlobalSection
EndGlobal
